lockfileVersion: '6.0'

settings:
  autoInstallPeers: true
  excludeLinksFromLockfile: false

dependencies:
  '@adobe/jsonschema2md':
    specifier: ^7.1.5
    version: 7.1.5
  markdown-folder-to-html:
    specifier: ^2.4.0
    version: 2.4.0

packages:

  /@adobe/helix-log@6.0.0:
    resolution: {integrity: sha512-+9gpf49sFDmZLV3gtjY+RmEUistqYJdVWpiqlRYpxE59x5bHFzYf93dZ7fljSTBtZdVq8lm97HxrTUloh5HvRg==}
    dependencies:
      big.js: 6.2.1
      colorette: 2.0.20
      ferrum: 1.9.4
      phin: 3.7.0
      polka: 0.5.2
    dev: false

  /@adobe/jsonschema2md@7.1.5:
    resolution: {integrity: sha512-uybF3Ryn0xz5lzGz6sb6Th5nkX9H60zOnKVYCUXunUtWENGb7Ut+8CYPzPA9sjY8+gLK8pQq3rbmsKprcjkN0A==}
    engines: {node: '>= 14.0.0'}
    hasBin: true
    dependencies:
      '@adobe/helix-log': 6.0.0
      '@types/json-schema': 7.0.14
      '@types/mdast': 3.0.14
      es2015-i18n-tag: 1.6.1
      ferrum: 1.9.4
      fs-extra: 11.1.0
      github-slugger: 2.0.0
      js-yaml: 4.1.0
      json-schema: 0.4.0
      mdast-builder: 1.1.1
      mdast-util-to-string: 3.1.0
      readdirp: 3.6.0
      remark-gfm: 3.0.1
      remark-parse: 10.0.1
      remark-stringify: 10.0.2
      unified: 10.1.2
      unist-util-inspect: 7.0.1
      yargs: 17.6.2
    transitivePeerDependencies:
      - supports-color
    dev: false

  /@arr/every@1.0.1:
    resolution: {integrity: sha512-UQFQ6SgyJ6LX42W8rHCs8KVc0JS0tzVL9ct4XYedJukskYVWTo49tNiMEK9C2HTyarbNiT/RVIRSY82vH+6sTg==}
    engines: {node: '>=4'}
    dev: false

  /@polka/url@0.5.0:
    resolution: {integrity: sha512-oZLYFEAzUKyi3SKnXvj32ZCEGH6RDnao7COuCVhDydMS9NrCSVXhM79VaKyP5+Zc33m0QXEd2DN3UkU7OsHcfw==}
    dev: false

  /@types/debug@4.1.10:
    resolution: {integrity: sha512-tOSCru6s732pofZ+sMv9o4o3Zc+Sa8l3bxd/tweTQudFn06vAzb13ZX46Zi6m6EJ+RUbRTHvgQJ1gBtSgkaUYA==}
    dependencies:
      '@types/ms': 0.7.33
    dev: false

  /@types/json-schema@7.0.14:
    resolution: {integrity: sha512-U3PUjAudAdJBeC2pgN8uTIKgxrb4nlDF3SF0++EldXQvQBGkpFZMSnwQiIoDU77tv45VgNkl/L4ouD+rEomujw==}
    dev: false

  /@types/mdast@3.0.14:
    resolution: {integrity: sha512-gVZ04PGgw1qLZKsnWnyFv4ORnaJ+DXLdHTVSFbU8yX6xZ34Bjg4Q32yPkmveUP1yItXReKfB0Aknlh/3zxTKAw==}
    dependencies:
      '@types/unist': 2.0.9
    dev: false

  /@types/ms@0.7.33:
    resolution: {integrity: sha512-AuHIyzR5Hea7ij0P9q7vx7xu4z0C28ucwjAZC0ja7JhINyCnOw8/DnvAPQQ9TfOlCtZAmCERKQX9+o1mgQhuOQ==}
    dev: false

  /@types/unist@2.0.9:
    resolution: {integrity: sha512-zC0iXxAv1C1ERURduJueYzkzZ2zaGyc+P2c95hgkikHPr3z8EdUZOlgEQ5X0DRmwDZn+hekycQnoeiiRVrmilQ==}
    dev: false

  /ansi-regex@5.0.1:
    resolution: {integrity: sha512-quJQXlTSUGL2LH9SUXo8VwsY4soanhgo6LNSm84E1LBcE8s3O0wpdiRzyR9z/ZZJMlMWv37qOOb9pdJlMUEKFQ==}
    engines: {node: '>=8'}
    dev: false

  /ansi-styles@4.3.0:
    resolution: {integrity: sha512-zbB9rCJAT1rbjiVDb2hqKFHNYLxgtk8NURxZ3IZwD3F6NtxbXZQCnnSi1Lkx+IDohdPlFp222wVALIheZJQSEg==}
    engines: {node: '>=8'}
    dependencies:
      color-convert: 2.0.1
    dev: false

  /argparse@1.0.10:
    resolution: {integrity: sha512-o5Roy6tNG4SL/FOkCAN6RzjiakZS25RLYFrcMttJqbdd8BWrnA+fGz57iN5Pb06pvBGvl5gQ0B48dJlslXvoTg==}
    dependencies:
      sprintf-js: 1.0.3
    dev: false

  /argparse@2.0.1:
    resolution: {integrity: sha512-8+9WqebbFzpX9OR+Wa6O29asIogeRMzcGtAINdpMHHyAg10f05aSFVBbcEqGf/PXw1EjAZ+q2/bEBg3DvurK3Q==}
    dev: false

  /bail@2.0.2:
    resolution: {integrity: sha512-0xO6mYd7JB2YesxDKplafRpsiOzPt9V02ddPCLbY1xYGPOX24NTyN50qnUxgCPcSoYMhKpAuBTjQoRZCAkUDRw==}
    dev: false

  /balanced-match@1.0.2:
    resolution: {integrity: sha512-3oSeUO0TMV67hN1AmbXsK4yaqU7tjiHlbxRDZOpH0KW9+CeX4bRAaX0Anxt0tx2MrpRpWwQaPwIlISEJhYU5Pw==}
    dev: false

  /big.js@6.2.1:
    resolution: {integrity: sha512-bCtHMwL9LeDIozFn+oNhhFoq+yQ3BNdnsLSASUxLciOb1vgvpHsIO1dsENiGMgbb4SkP5TrzWzRiLddn8ahVOQ==}
    dev: false

  /brace-expansion@1.1.11:
    resolution: {integrity: sha512-iCuPHDFgrHX7H2vEI/5xpz07zSHB00TpugqhmYtVmMO6518mCuRMoOYFldEBl0g187ufozdaHgWKcYFb61qGiA==}
    dependencies:
      balanced-match: 1.0.2
      concat-map: 0.0.1
    dev: false

  /ccount@2.0.1:
    resolution: {integrity: sha512-eyrF0jiFpY+3drT6383f1qhkbGsLSifNAjA61IUjZjmLCWjItY6LB9ft9YhoDgwfmclB2zhu51Lc7+95b8NRAg==}
    dev: false

  /centra@2.6.0:
    resolution: {integrity: sha512-dgh+YleemrT8u85QL11Z6tYhegAs3MMxsaWAq/oXeAmYJ7VxL3SI9TZtnfaEvNDMAPolj25FXIb3S+HCI4wQaQ==}
    dev: false

  /character-entities@2.0.2:
    resolution: {integrity: sha512-shx7oQ0Awen/BRIdkjkvz54PnEEI/EjwXDSIZp86/KKdbafHh1Df/RYGBhn4hbe2+uKC9FnT5UCEdyPz3ai9hQ==}
    dev: false

  /cliui@8.0.1:
    resolution: {integrity: sha512-BSeNnyus75C4//NQ9gQt1/csTXyo/8Sb+afLAkzAptFuMsod9HFokGNudZpi/oQV73hnVK+sR+5PVRMd+Dr7YQ==}
    engines: {node: '>=12'}
    dependencies:
      string-width: 4.2.3
      strip-ansi: 6.0.1
      wrap-ansi: 7.0.0
    dev: false

  /color-convert@2.0.1:
    resolution: {integrity: sha512-RRECPsj7iu/xb5oKYcsFHSppFNnsj/52OVTRKb4zP5onXwVF3zVmmToNcOfGC+CRDpfK/U584fMg38ZHCaElKQ==}
    engines: {node: '>=7.0.0'}
    dependencies:
      color-name: 1.1.4
    dev: false

  /color-name@1.1.4:
    resolution: {integrity: sha512-dOy+3AuW3a2wNbZHIuMZpTcgjGuLU/uBL/ubcZF9OXbDo8ff4O8yVp5Bf0efS8uEoYo5q4Fx7dY9OgQGXgAsQA==}
    dev: false

  /colorette@2.0.20:
    resolution: {integrity: sha512-IfEDxwoWIjkeXL1eXcDiow4UbKjhLdq6/EuSVR9GMN7KVH3r9gQ83e73hsz1Nd1T3ijd5xv1wcWRYO+D6kCI2w==}
    dev: false

  /concat-map@0.0.1:
    resolution: {integrity: sha512-/Srv4dswyQNBfohGpz9o6Yb3Gz3SrUDqBH5rTuhGR7ahtlbYKnVxw2bCFMRljaA7EXHaXZ8wsHdodFvbkhKmqg==}
    dev: false

  /cuint@0.2.2:
    resolution: {integrity: sha512-d4ZVpCW31eWwCMe1YT3ur7mUDnTXbgwyzaL320DrcRT45rfjYxkt5QWLrmOJ+/UEAI2+fQgKe/fCjR8l4TpRgw==}
    dev: false

  /debug@4.3.4:
    resolution: {integrity: sha512-PRWFHuSU3eDtQJPvnNY7Jcket1j0t5OuOsFzPPzsekD52Zl8qUfFIPEiswXqIvHWGVHOgX+7G/vCNNhehwxfkQ==}
    engines: {node: '>=6.0'}
    peerDependencies:
      supports-color: '*'
    peerDependenciesMeta:
      supports-color:
        optional: true
    dependencies:
      ms: 2.1.2
    dev: false

  /decode-named-character-reference@1.0.2:
    resolution: {integrity: sha512-O8x12RzrUF8xyVcY0KJowWsmaJxQbmy0/EtnNtHRpsOcT7dFk5W598coHqBVpmWo1oQQfsCqfCmkZN5DJrZVdg==}
    dependencies:
      character-entities: 2.0.2
    dev: false

  /dequal@2.0.3:
    resolution: {integrity: sha512-0je+qPKHEMohvfRTCEo3CrPG6cAzAYgmzKyxRiYSSDkS6eGJdyVJm7WaYA5ECaAD9wLB2T4EEeymA5aFVcYXCA==}
    engines: {node: '>=6'}
    dev: false

  /diff@5.1.0:
    resolution: {integrity: sha512-D+mk+qE8VC/PAUrlAU34N+VfXev0ghe5ywmpqrawphmVZc1bEfn56uo9qpyGp1p4xpzOHkSW4ztBd6L7Xx4ACw==}
    engines: {node: '>=0.3.1'}
    dev: false

  /emoji-regex@8.0.0:
    resolution: {integrity: sha512-MSjYzcWNOA0ewAHpz0MxpYFvwg6yjy1NG3xteoqz644VCo/RPgnr1/GGt+ic3iJTzQ8Eu3TdM14SawnVUmGE6A==}
    dev: false

  /entities@1.1.2:
    resolution: {integrity: sha512-f2LZMYl1Fzu7YSBKg+RoROelpOaNrcGmE9AZubeDfrCEia483oW4MI4VyFd5VNHIgQ/7qm1I0wUHK1eJnn2y2w==}
    dev: false

  /es2015-i18n-tag@1.6.1:
    resolution: {integrity: sha512-MYoh9p+JTkgnzBh0MEBON6xUyzdmwT6wzsmmFJvZujGSXiI2kM+3XvFl6+AcIO2eeL6VWgtX9szSiDTMwDxyYA==}
    engines: {node: '>= 4.0.0'}
    dev: false

  /escalade@3.1.1:
    resolution: {integrity: sha512-k0er2gUkLf8O0zKJiAhmkTnJlTvINGv7ygDNPbeIsX/TJjGJZHuh9B2UxbsaEkmlEo9MfhrSzmhIlhRlI2GXnw==}
    engines: {node: '>=6'}
    dev: false

  /escape-string-regexp@5.0.0:
    resolution: {integrity: sha512-/veY75JbMK4j1yjvuUxuVsiS/hr/4iHs9FTT6cgTexxdE0Ly/glccBAkloH/DofkjRbZU3bnoj38mOmhkZ0lHw==}
    engines: {node: '>=12'}
    dev: false

  /extend@3.0.2:
    resolution: {integrity: sha512-fjquC59cD7CyW6urNXK0FBufkZcoiGG80wTuPujX590cB5Ttln20E2UB4S/WARVqhXffZl2LNgS+gQdPIIim/g==}
    dev: false

  /fastestsmallesttextencoderdecoder@1.0.22:
    resolution: {integrity: sha512-Pb8d48e+oIuY4MaM64Cd7OW1gt4nxCHs7/ddPPZ/Ic3sg8yVGM7O9wDvZ7us6ScaUupzM+pfBolwtYhN1IxBIw==}
    dev: false

  /ferrum@1.9.4:
    resolution: {integrity: sha512-ooNerLoIht/dK4CQJux93z/hnt9JysrXniJCI3r6YRgmHeXC57EJ8XaTCT1Gm8LfhIAeWxyJA0O7d/W3pqDYRg==}
    dependencies:
      fastestsmallesttextencoderdecoder: 1.0.22
      lodash.isplainobject: 4.0.6
      xxhashjs: 0.2.2
    dev: false

  /fs-extra@11.1.0:
    resolution: {integrity: sha512-0rcTq621PD5jM/e0a3EJoGC/1TC5ZBCERW82LQuwfGnCa1V8w7dpYH1yNu+SLb6E5dkeCBzKEyLGlFrnr+dUyw==}
    engines: {node: '>=14.14'}
    dependencies:
      graceful-fs: 4.2.11
      jsonfile: 6.1.0
      universalify: 2.0.1
    dev: false

  /fs.realpath@1.0.0:
    resolution: {integrity: sha512-OO0pH2lK6a0hZnAdau5ItzHPI6pUlvI7jMVnxUQRtw4owF2wk8lOSabtGDCTP4Ggrg2MbGnWO9X8K1t4+fGMDw==}
    dev: false

  /function-bind@1.1.2:
    resolution: {integrity: sha512-7XHNxH7qX9xG5mIwxkhumTox/MIRNcOgDrxWsMt2pAr23WHp6MrRlN7FBSFpCpr+oVO0F744iUgR82nJMfG2SA==}
    dev: false

  /get-caller-file@2.0.5:
    resolution: {integrity: sha512-DyFP3BM/3YHTQOCUL/w0OZHR0lpKeGrxotcHWcqNEdnltqFwXVfhEBQ94eIo34AfQpo0rGki4cyIiftY06h2Fg==}
    engines: {node: 6.* || 8.* || >= 10.*}
    dev: false

  /github-slugger@2.0.0:
    resolution: {integrity: sha512-IaOQ9puYtjrkq7Y0Ygl9KDZnrf/aiUJYUpVf89y8kyaxbRG7Y1SrX/jaumrv81vc61+kiMempujsM3Yw7w5qcw==}
    dev: false

  /glob@7.2.3:
    resolution: {integrity: sha512-nFR0zLpU2YCaRxwoCJvL6UvCH2JFyFVIvwTLsIf21AuHlMskA1hhTdk+LlYJtOlYt9v6dvszD2BGRqBL+iQK9Q==}
    dependencies:
      fs.realpath: 1.0.0
      inflight: 1.0.6
      inherits: 2.0.4
      minimatch: 3.1.2
      once: 1.4.0
      path-is-absolute: 1.0.1
    dev: false

  /graceful-fs@4.2.11:
    resolution: {integrity: sha512-RbJ5/jmFcNNCcDV5o9eTnBLJ/HszWV0P73bc+Ff4nS/rJj+YaS6IGyiOL0VoBYX+l1Wrl3k63h/KrH+nhJ0XvQ==}
    dev: false

  /hasown@2.0.0:
    resolution: {integrity: sha512-vUptKVTpIJhcczKBbgnS+RtcuYMB8+oNzPK2/Hp3hanz8JmpATdmmgLgSaadVREkDm+e2giHwY3ZRkyjSIDDFA==}
    engines: {node: '>= 0.4'}
    dependencies:
      function-bind: 1.1.2
    dev: false

  /inflight@1.0.6:
    resolution: {integrity: sha512-k92I/b08q4wvFscXCLvqfsHCrjrF7yiXsQuIVvVE7N82W3+aqpzuUdBbfhWcy/FZR3/4IgflMgKLOsvPDrGCJA==}
    dependencies:
      once: 1.4.0
      wrappy: 1.0.2
    dev: false

  /inherits@2.0.4:
    resolution: {integrity: sha512-k/vGaX4/Yla3WzyMCvTQOXYeIHvqOKtnqBduzTHpzpQZzAskKMhZ2K+EnBiSM9zGSoIFeMpXKxa4dYeZIQqewQ==}
    dev: false

  /interpret@1.4.0:
    resolution: {integrity: sha512-agE4QfB2Lkp9uICn7BAqoscw4SZP9kTE2hxiFI3jBPmXJfdqiahTbUuKGsMoN2GtqL9AxhYioAcVvgsb1HvRbA==}
    engines: {node: '>= 0.10'}
    dev: false

  /is-buffer@2.0.5:
    resolution: {integrity: sha512-i2R6zNFDwgEHJyQUtJEk0XFi1i0dPFn/oqjK3/vPCcDeJvW5NQ83V8QbicfF1SupOaB0h8ntgBC2YiE7dfyctQ==}
    engines: {node: '>=4'}
    dev: false

  /is-core-module@2.13.1:
    resolution: {integrity: sha512-hHrIjvZsftOsvKSn2TRYl63zvxsgE0K+0mYMoH6gD4omR5IWB2KynivBQczo3+wF1cCkjzvptnI9Q0sPU66ilw==}
    dependencies:
      hasown: 2.0.0
    dev: false

  /is-fullwidth-code-point@3.0.0:
    resolution: {integrity: sha512-zymm5+u+sCsSWyD9qNaejV3DFvhCKclKdizYaJUuHA83RLjb7nSuGnddCHGv0hk+KY7BMAlsWeK4Ueg6EV6XQg==}
    engines: {node: '>=8'}
    dev: false

  /is-plain-obj@4.1.0:
    resolution: {integrity: sha512-+Pgi+vMuUNkJyExiMBt5IlFoMyKnr5zhJ4Uspz58WOhBF5QoIZkFyNHIbBAtHwzVAgk5RtndVNsDRN61/mmDqg==}
    engines: {node: '>=12'}
    dev: false

  /js-yaml@4.1.0:
    resolution: {integrity: sha512-wpxZs9NoxZaJESJGIZTyDEaYpl0FKSA+FB9aJiyemKhMwkxQg63h4T1KJgUGHpTqPDNRcmmYLugrRjJlBtWvRA==}
    hasBin: true
    dependencies:
      argparse: 2.0.1
    dev: false

  /json-schema@0.4.0:
    resolution: {integrity: sha512-es94M3nTIfsEPisRafak+HDLfHXnKBhV3vU5eqPcS3flIWqcxJWgXHXiey3YrpaNsanY5ei1VoYEbOzijuq9BA==}
    dev: false

  /jsonfile@6.1.0:
    resolution: {integrity: sha512-5dgndWOriYSm5cnYaJNhalLNDKOqFwyDB/rr1E9ZsGciGvKPs8R2xYGCacuf3z6K1YKDz182fd+fY3cn3pMqXQ==}
    dependencies:
      universalify: 2.0.1
    optionalDependencies:
      graceful-fs: 4.2.11
    dev: false

  /kleur@4.1.5:
    resolution: {integrity: sha512-o+NO+8WrRiQEE4/7nwRJhN1HWpVmJm511pBHUxPLtp0BUISzlBplORYSmTclCnJvQq2tKu/sgl3xVpkc7ZWuQQ==}
    engines: {node: '>=6'}
    dev: false

  /linkify-it@2.2.0:
    resolution: {integrity: sha512-GnAl/knGn+i1U/wjBz3akz2stz+HrHLsxMwHQGofCDfPvlf+gDKN58UtfmUquTY4/MXeE2x7k19KQmeoZi94Iw==}
    dependencies:
      uc.micro: 1.0.6
    dev: false

  /lodash.isplainobject@4.0.6:
    resolution: {integrity: sha512-oSXzaWypCMHkPC3NvBEaPHf0KsA5mvPrOPgQWDsbg8n7orZ290M0BmC/jgRZ4vcJ6DTAhjrsSYgdsW/F+MFOBA==}
    dev: false

  /longest-streak@3.1.0:
    resolution: {integrity: sha512-9Ri+o0JYgehTaVBBDoMqIl8GXtbWg711O3srftcHhZ0dqnETqLaoIK0x17fUw9rFSlK/0NlsKe0Ahhyl5pXE2g==}
    dev: false

  /markdown-folder-to-html@2.4.0:
    resolution: {integrity: sha512-oaxyYSxiigSnKGH8ZdKAmR8uIzU9eXSY3hflOAdMZeLJZGDjiio1cnDIHzdSNbhtJHiLNxsCJ0ncePE4dR4QtQ==}
    hasBin: true
    dependencies:
      markdown-it: 8.4.2
      markdown-it-anchor: 5.3.0(markdown-it@8.4.2)
      shelljs: 0.8.5
    dev: false

  /markdown-it-anchor@5.3.0(markdown-it@8.4.2):
    resolution: {integrity: sha512-/V1MnLL/rgJ3jkMWo84UR+K+jF1cxNG1a+KwqeXqTIJ+jtA8aWSHuigx8lTzauiIjBDbwF3NcWQMotd0Dm39jA==}
    peerDependencies:
      markdown-it: '*'
    dependencies:
      markdown-it: 8.4.2
    dev: false

  /markdown-it@8.4.2:
    resolution: {integrity: sha512-GcRz3AWTqSUphY3vsUqQSFMbgR38a4Lh3GWlHRh/7MRwz8mcu9n2IO7HOh+bXHrR9kOPDl5RNCaEsrneb+xhHQ==}
    hasBin: true
    dependencies:
      argparse: 1.0.10
      entities: 1.1.2
      linkify-it: 2.2.0
      mdurl: 1.0.1
      uc.micro: 1.0.6
    dev: false

  /markdown-table@3.0.3:
    resolution: {integrity: sha512-Z1NL3Tb1M9wH4XESsCDEksWoKTdlUafKc4pt0GRwjUyXaCFZ+dc3g2erqB6zm3szA2IUSi7VnPI+o/9jnxh9hw==}
    dev: false

  /matchit@1.1.0:
    resolution: {integrity: sha512-+nGYoOlfHmxe5BW5tE0EMJppXEwdSf8uBA1GTZC7Q77kbT35+VKLYJMzVNWCHSsga1ps1tPYFtFyvxvKzWVmMA==}
    engines: {node: '>=6'}
    dependencies:
      '@arr/every': 1.0.1
    dev: false

  /mdast-builder@1.1.1:
    resolution: {integrity: sha512-a3KBk/LmYD6wKsWi8WJrGU/rXR4yuF4Men0JO0z6dSZCm5FrXXWTRDjqK0vGSqa+1M6p9edeuypZAZAzSehTUw==}
    dependencies:
      '@types/unist': 2.0.9
    dev: false

  /mdast-util-find-and-replace@2.2.2:
    resolution: {integrity: sha512-MTtdFRz/eMDHXzeK6W3dO7mXUlF82Gom4y0oOgvHhh/HXZAGvIQDUvQ0SuUx+j2tv44b8xTHOm8K/9OoRFnXKw==}
    dependencies:
      '@types/mdast': 3.0.14
      escape-string-regexp: 5.0.0
      unist-util-is: 5.2.1
      unist-util-visit-parents: 5.1.3
    dev: false

  /mdast-util-from-markdown@1.3.1:
    resolution: {integrity: sha512-4xTO/M8c82qBcnQc1tgpNtubGUW/Y1tBQ1B0i5CtSoelOLKFYlElIr3bvgREYYO5iRqbMY1YuqZng0GVOI8Qww==}
    dependencies:
      '@types/mdast': 3.0.14
      '@types/unist': 2.0.9
      decode-named-character-reference: 1.0.2
      mdast-util-to-string: 3.1.0
      micromark: 3.2.0
      micromark-util-decode-numeric-character-reference: 1.1.0
      micromark-util-decode-string: 1.1.0
      micromark-util-normalize-identifier: 1.1.0
      micromark-util-symbol: 1.1.0
      micromark-util-types: 1.1.0
      unist-util-stringify-position: 3.0.3
      uvu: 0.5.6
    transitivePeerDependencies:
      - supports-color
    dev: false

  /mdast-util-gfm-autolink-literal@1.0.3:
    resolution: {integrity: sha512-My8KJ57FYEy2W2LyNom4n3E7hKTuQk/0SES0u16tjA9Z3oFkF4RrC/hPAPgjlSpezsOvI8ObcXcElo92wn5IGA==}
    dependencies:
      '@types/mdast': 3.0.14
      ccount: 2.0.1
      mdast-util-find-and-replace: 2.2.2
      micromark-util-character: 1.2.0
    dev: false

  /mdast-util-gfm-footnote@1.0.2:
    resolution: {integrity: sha512-56D19KOGbE00uKVj3sgIykpwKL179QsVFwx/DCW0u/0+URsryacI4MAdNJl0dh+u2PSsD9FtxPFbHCzJ78qJFQ==}
    dependencies:
      '@types/mdast': 3.0.14
      mdast-util-to-markdown: 1.5.0
      micromark-util-normalize-identifier: 1.1.0
    dev: false

  /mdast-util-gfm-strikethrough@1.0.3:
    resolution: {integrity: sha512-DAPhYzTYrRcXdMjUtUjKvW9z/FNAMTdU0ORyMcbmkwYNbKocDpdk+PX1L1dQgOID/+vVs1uBQ7ElrBQfZ0cuiQ==}
    dependencies:
      '@types/mdast': 3.0.14
      mdast-util-to-markdown: 1.5.0
    dev: false

  /mdast-util-gfm-table@1.0.7:
    resolution: {integrity: sha512-jjcpmNnQvrmN5Vx7y7lEc2iIOEytYv7rTvu+MeyAsSHTASGCCRA79Igg2uKssgOs1i1po8s3plW0sTu1wkkLGg==}
    dependencies:
      '@types/mdast': 3.0.14
      markdown-table: 3.0.3
      mdast-util-from-markdown: 1.3.1
      mdast-util-to-markdown: 1.5.0
    transitivePeerDependencies:
      - supports-color
    dev: false

  /mdast-util-gfm-task-list-item@1.0.2:
    resolution: {integrity: sha512-PFTA1gzfp1B1UaiJVyhJZA1rm0+Tzn690frc/L8vNX1Jop4STZgOE6bxUhnzdVSB+vm2GU1tIsuQcA9bxTQpMQ==}
    dependencies:
      '@types/mdast': 3.0.14
      mdast-util-to-markdown: 1.5.0
    dev: false

  /mdast-util-gfm@2.0.2:
    resolution: {integrity: sha512-qvZ608nBppZ4icQlhQQIAdc6S3Ffj9RGmzwUKUWuEICFnd1LVkN3EktF7ZHAgfcEdvZB5owU9tQgt99e2TlLjg==}
    dependencies:
      mdast-util-from-markdown: 1.3.1
      mdast-util-gfm-autolink-literal: 1.0.3
      mdast-util-gfm-footnote: 1.0.2
      mdast-util-gfm-strikethrough: 1.0.3
      mdast-util-gfm-table: 1.0.7
      mdast-util-gfm-task-list-item: 1.0.2
      mdast-util-to-markdown: 1.5.0
    transitivePeerDependencies:
      - supports-color
    dev: false

  /mdast-util-phrasing@3.0.1:
    resolution: {integrity: sha512-WmI1gTXUBJo4/ZmSk79Wcb2HcjPJBzM1nlI/OUWA8yk2X9ik3ffNbBGsU+09BFmXaL1IBb9fiuvq6/KMiNycSg==}
    dependencies:
      '@types/mdast': 3.0.14
      unist-util-is: 5.2.1
    dev: false

  /mdast-util-to-markdown@1.5.0:
    resolution: {integrity: sha512-bbv7TPv/WC49thZPg3jXuqzuvI45IL2EVAr/KxF0BSdHsU0ceFHOmwQn6evxAh1GaoK/6GQ1wp4R4oW2+LFL/A==}
    dependencies:
      '@types/mdast': 3.0.14
      '@types/unist': 2.0.9
      longest-streak: 3.1.0
      mdast-util-phrasing: 3.0.1
      mdast-util-to-string: 3.1.0
      micromark-util-decode-string: 1.1.0
      unist-util-visit: 4.1.2
      zwitch: 2.0.4
    dev: false

  /mdast-util-to-string@3.1.0:
    resolution: {integrity: sha512-n4Vypz/DZgwo0iMHLQL49dJzlp7YtAJP+N07MZHpjPf/5XJuHUWstviF4Mn2jEiR/GNmtnRRqnwsXExk3igfFA==}
    dev: false

  /mdurl@1.0.1:
    resolution: {integrity: sha512-/sKlQJCBYVY9Ers9hqzKou4H6V5UWc/M59TH2dvkt+84itfnq7uFOMLpOiOS4ujvHP4etln18fmIxA5R5fll0g==}
    dev: false

  /micromark-core-commonmark@1.1.0:
    resolution: {integrity: sha512-BgHO1aRbolh2hcrzL2d1La37V0Aoz73ymF8rAcKnohLy93titmv62E0gP8Hrx9PKcKrqCZ1BbLGbP3bEhoXYlw==}
    dependencies:
      decode-named-character-reference: 1.0.2
      micromark-factory-destination: 1.1.0
      micromark-factory-label: 1.1.0
      micromark-factory-space: 1.1.0
      micromark-factory-title: 1.1.0
      micromark-factory-whitespace: 1.1.0
      micromark-util-character: 1.2.0
      micromark-util-chunked: 1.1.0
      micromark-util-classify-character: 1.1.0
      micromark-util-html-tag-name: 1.2.0
      micromark-util-normalize-identifier: 1.1.0
      micromark-util-resolve-all: 1.1.0
      micromark-util-subtokenize: 1.1.0
      micromark-util-symbol: 1.1.0
      micromark-util-types: 1.1.0
      uvu: 0.5.6
    dev: false

  /micromark-extension-gfm-autolink-literal@1.0.5:
    resolution: {integrity: sha512-z3wJSLrDf8kRDOh2qBtoTRD53vJ+CWIyo7uyZuxf/JAbNJjiHsOpG1y5wxk8drtv3ETAHutCu6N3thkOOgueWg==}
    dependencies:
      micromark-util-character: 1.2.0
      micromark-util-sanitize-uri: 1.2.0
      micromark-util-symbol: 1.1.0
      micromark-util-types: 1.1.0
    dev: false

  /micromark-extension-gfm-footnote@1.1.2:
    resolution: {integrity: sha512-Yxn7z7SxgyGWRNa4wzf8AhYYWNrwl5q1Z8ii+CSTTIqVkmGZF1CElX2JI8g5yGoM3GAman9/PVCUFUSJ0kB/8Q==}
    dependencies:
      micromark-core-commonmark: 1.1.0
      micromark-factory-space: 1.1.0
      micromark-util-character: 1.2.0
      micromark-util-normalize-identifier: 1.1.0
      micromark-util-sanitize-uri: 1.2.0
      micromark-util-symbol: 1.1.0
      micromark-util-types: 1.1.0
      uvu: 0.5.6
    dev: false

  /micromark-extension-gfm-strikethrough@1.0.7:
    resolution: {integrity: sha512-sX0FawVE1o3abGk3vRjOH50L5TTLr3b5XMqnP9YDRb34M0v5OoZhG+OHFz1OffZ9dlwgpTBKaT4XW/AsUVnSDw==}
    dependencies:
      micromark-util-chunked: 1.1.0
      micromark-util-classify-character: 1.1.0
      micromark-util-resolve-all: 1.1.0
      micromark-util-symbol: 1.1.0
      micromark-util-types: 1.1.0
      uvu: 0.5.6
    dev: false

  /micromark-extension-gfm-table@1.0.7:
    resolution: {integrity: sha512-3ZORTHtcSnMQEKtAOsBQ9/oHp9096pI/UvdPtN7ehKvrmZZ2+bbWhi0ln+I9drmwXMt5boocn6OlwQzNXeVeqw==}
    dependencies:
      micromark-factory-space: 1.1.0
      micromark-util-character: 1.2.0
      micromark-util-symbol: 1.1.0
      micromark-util-types: 1.1.0
      uvu: 0.5.6
    dev: false

  /micromark-extension-gfm-tagfilter@1.0.2:
    resolution: {integrity: sha512-5XWB9GbAUSHTn8VPU8/1DBXMuKYT5uOgEjJb8gN3mW0PNW5OPHpSdojoqf+iq1xo7vWzw/P8bAHY0n6ijpXF7g==}
    dependencies:
      micromark-util-types: 1.1.0
    dev: false

  /micromark-extension-gfm-task-list-item@1.0.5:
    resolution: {integrity: sha512-RMFXl2uQ0pNQy6Lun2YBYT9g9INXtWJULgbt01D/x8/6yJ2qpKyzdZD3pi6UIkzF++Da49xAelVKUeUMqd5eIQ==}
    dependencies:
      micromark-factory-space: 1.1.0
      micromark-util-character: 1.2.0
      micromark-util-symbol: 1.1.0
      micromark-util-types: 1.1.0
      uvu: 0.5.6
    dev: false

  /micromark-extension-gfm@2.0.3:
    resolution: {integrity: sha512-vb9OoHqrhCmbRidQv/2+Bc6pkP0FrtlhurxZofvOEy5o8RtuuvTq+RQ1Vw5ZDNrVraQZu3HixESqbG+0iKk/MQ==}
    dependencies:
      micromark-extension-gfm-autolink-literal: 1.0.5
      micromark-extension-gfm-footnote: 1.1.2
      micromark-extension-gfm-strikethrough: 1.0.7
      micromark-extension-gfm-table: 1.0.7
      micromark-extension-gfm-tagfilter: 1.0.2
      micromark-extension-gfm-task-list-item: 1.0.5
      micromark-util-combine-extensions: 1.1.0
      micromark-util-types: 1.1.0
    dev: false

  /micromark-factory-destination@1.1.0:
    resolution: {integrity: sha512-XaNDROBgx9SgSChd69pjiGKbV+nfHGDPVYFs5dOoDd7ZnMAE+Cuu91BCpsY8RT2NP9vo/B8pds2VQNCLiu0zhg==}
    dependencies:
      micromark-util-character: 1.2.0
      micromark-util-symbol: 1.1.0
      micromark-util-types: 1.1.0
    dev: false

  /micromark-factory-label@1.1.0:
    resolution: {integrity: sha512-OLtyez4vZo/1NjxGhcpDSbHQ+m0IIGnT8BoPamh+7jVlzLJBH98zzuCoUeMxvM6WsNeh8wx8cKvqLiPHEACn0w==}
    dependencies:
      micromark-util-character: 1.2.0
      micromark-util-symbol: 1.1.0
      micromark-util-types: 1.1.0
      uvu: 0.5.6
    dev: false

  /micromark-factory-space@1.1.0:
    resolution: {integrity: sha512-cRzEj7c0OL4Mw2v6nwzttyOZe8XY/Z8G0rzmWQZTBi/jjwyw/U4uqKtUORXQrR5bAZZnbTI/feRV/R7hc4jQYQ==}
    dependencies:
      micromark-util-character: 1.2.0
      micromark-util-types: 1.1.0
    dev: false

  /micromark-factory-title@1.1.0:
    resolution: {integrity: sha512-J7n9R3vMmgjDOCY8NPw55jiyaQnH5kBdV2/UXCtZIpnHH3P6nHUKaH7XXEYuWwx/xUJcawa8plLBEjMPU24HzQ==}
    dependencies:
      micromark-factory-space: 1.1.0
      micromark-util-character: 1.2.0
      micromark-util-symbol: 1.1.0
      micromark-util-types: 1.1.0
    dev: false

  /micromark-factory-whitespace@1.1.0:
    resolution: {integrity: sha512-v2WlmiymVSp5oMg+1Q0N1Lxmt6pMhIHD457whWM7/GUlEks1hI9xj5w3zbc4uuMKXGisksZk8DzP2UyGbGqNsQ==}
    dependencies:
      micromark-factory-space: 1.1.0
      micromark-util-character: 1.2.0
      micromark-util-symbol: 1.1.0
      micromark-util-types: 1.1.0
    dev: false

  /micromark-util-character@1.2.0:
    resolution: {integrity: sha512-lXraTwcX3yH/vMDaFWCQJP1uIszLVebzUa3ZHdrgxr7KEU/9mL4mVgCpGbyhvNLNlauROiNUq7WN5u7ndbY6xg==}
    dependencies:
      micromark-util-symbol: 1.1.0
      micromark-util-types: 1.1.0
    dev: false

  /micromark-util-chunked@1.1.0:
    resolution: {integrity: sha512-Ye01HXpkZPNcV6FiyoW2fGZDUw4Yc7vT0E9Sad83+bEDiCJ1uXu0S3mr8WLpsz3HaG3x2q0HM6CTuPdcZcluFQ==}
    dependencies:
      micromark-util-symbol: 1.1.0
    dev: false

  /micromark-util-classify-character@1.1.0:
    resolution: {integrity: sha512-SL0wLxtKSnklKSUplok1WQFoGhUdWYKggKUiqhX+Swala+BtptGCu5iPRc+xvzJ4PXE/hwM3FNXsfEVgoZsWbw==}
    dependencies:
      micromark-util-character: 1.2.0
      micromark-util-symbol: 1.1.0
      micromark-util-types: 1.1.0
    dev: false

  /micromark-util-combine-extensions@1.1.0:
    resolution: {integrity: sha512-Q20sp4mfNf9yEqDL50WwuWZHUrCO4fEyeDCnMGmG5Pr0Cz15Uo7KBs6jq+dq0EgX4DPwwrh9m0X+zPV1ypFvUA==}
    dependencies:
      micromark-util-chunked: 1.1.0
      micromark-util-types: 1.1.0
    dev: false

  /micromark-util-decode-numeric-character-reference@1.1.0:
    resolution: {integrity: sha512-m9V0ExGv0jB1OT21mrWcuf4QhP46pH1KkfWy9ZEezqHKAxkj4mPCy3nIH1rkbdMlChLHX531eOrymlwyZIf2iw==}
    dependencies:
      micromark-util-symbol: 1.1.0
    dev: false

  /micromark-util-decode-string@1.1.0:
    resolution: {integrity: sha512-YphLGCK8gM1tG1bd54azwyrQRjCFcmgj2S2GoJDNnh4vYtnL38JS8M4gpxzOPNyHdNEpheyWXCTnnTDY3N+NVQ==}
    dependencies:
      decode-named-character-reference: 1.0.2
      micromark-util-character: 1.2.0
      micromark-util-decode-numeric-character-reference: 1.1.0
      micromark-util-symbol: 1.1.0
    dev: false

  /micromark-util-encode@1.1.0:
    resolution: {integrity: sha512-EuEzTWSTAj9PA5GOAs992GzNh2dGQO52UvAbtSOMvXTxv3Criqb6IOzJUBCmEqrrXSblJIJBbFFv6zPxpreiJw==}
    dev: false

  /micromark-util-html-tag-name@1.2.0:
    resolution: {integrity: sha512-VTQzcuQgFUD7yYztuQFKXT49KghjtETQ+Wv/zUjGSGBioZnkA4P1XXZPT1FHeJA6RwRXSF47yvJ1tsJdoxwO+Q==}
    dev: false

  /micromark-util-normalize-identifier@1.1.0:
    resolution: {integrity: sha512-N+w5vhqrBihhjdpM8+5Xsxy71QWqGn7HYNUvch71iV2PM7+E3uWGox1Qp90loa1ephtCxG2ftRV/Conitc6P2Q==}
    dependencies:
      micromark-util-symbol: 1.1.0
    dev: false

  /micromark-util-resolve-all@1.1.0:
    resolution: {integrity: sha512-b/G6BTMSg+bX+xVCshPTPyAu2tmA0E4X98NSR7eIbeC6ycCqCeE7wjfDIgzEbkzdEVJXRtOG4FbEm/uGbCRouA==}
    dependencies:
      micromark-util-types: 1.1.0
    dev: false

  /micromark-util-sanitize-uri@1.2.0:
    resolution: {integrity: sha512-QO4GXv0XZfWey4pYFndLUKEAktKkG5kZTdUNaTAkzbuJxn2tNBOr+QtxR2XpWaMhbImT2dPzyLrPXLlPhph34A==}
    dependencies:
      micromark-util-character: 1.2.0
      micromark-util-encode: 1.1.0
      micromark-util-symbol: 1.1.0
    dev: false

  /micromark-util-subtokenize@1.1.0:
    resolution: {integrity: sha512-kUQHyzRoxvZO2PuLzMt2P/dwVsTiivCK8icYTeR+3WgbuPqfHgPPy7nFKbeqRivBvn/3N3GBiNC+JRTMSxEC7A==}
    dependencies:
      micromark-util-chunked: 1.1.0
      micromark-util-symbol: 1.1.0
      micromark-util-types: 1.1.0
      uvu: 0.5.6
    dev: false

  /micromark-util-symbol@1.1.0:
    resolution: {integrity: sha512-uEjpEYY6KMs1g7QfJ2eX1SQEV+ZT4rUD3UcF6l57acZvLNK7PBZL+ty82Z1qhK1/yXIY4bdx04FKMgR0g4IAag==}
    dev: false

  /micromark-util-types@1.1.0:
    resolution: {integrity: sha512-ukRBgie8TIAcacscVHSiddHjO4k/q3pnedmzMQ4iwDcK0FtFCohKOlFbaOL/mPgfnPsL3C1ZyxJa4sbWrBl3jg==}
    dev: false

  /micromark@3.2.0:
    resolution: {integrity: sha512-uD66tJj54JLYq0De10AhWycZWGQNUvDI55xPgk2sQM5kn1JYlhbCMTtEeT27+vAhW2FBQxLlOmS3pmA7/2z4aA==}
    dependencies:
      '@types/debug': 4.1.10
      debug: 4.3.4
      decode-named-character-reference: 1.0.2
      micromark-core-commonmark: 1.1.0
      micromark-factory-space: 1.1.0
      micromark-util-character: 1.2.0
      micromark-util-chunked: 1.1.0
      micromark-util-combine-extensions: 1.1.0
      micromark-util-decode-numeric-character-reference: 1.1.0
      micromark-util-encode: 1.1.0
      micromark-util-normalize-identifier: 1.1.0
      micromark-util-resolve-all: 1.1.0
      micromark-util-sanitize-uri: 1.2.0
      micromark-util-subtokenize: 1.1.0
      micromark-util-symbol: 1.1.0
      micromark-util-types: 1.1.0
      uvu: 0.5.6
    transitivePeerDependencies:
      - supports-color
    dev: false

  /minimatch@3.1.2:
    resolution: {integrity: sha512-J7p63hRiAjw1NDEww1W7i37+ByIrOWO5XQQAzZ3VOcL0PNybwpfmV/N05zFAzwQ9USyEcX6t3UO+K5aqBQOIHw==}
    dependencies:
      brace-expansion: 1.1.11
    dev: false

  /mri@1.2.0:
    resolution: {integrity: sha512-tzzskb3bG8LvYGFF/mDTpq3jpI6Q9wc3LEmBaghu+DdCssd1FakN7Bc0hVNmEyGq1bq3RgfkCb3cmQLpNPOroA==}
    engines: {node: '>=4'}
    dev: false

  /ms@2.1.2:
    resolution: {integrity: sha512-sGkPx+VjMtmA6MX27oA4FBFELFCZZ4S4XqeGOXCv68tT+jb3vk/RyaKWP0PTKyWtmLSM0b+adUTEvbs1PEaH2w==}
    dev: false

  /once@1.4.0:
    resolution: {integrity: sha512-lNaJgI+2Q5URQBkccEKHTQOPaXdUxnZZElQTZY0MFUAuaEqe1E+Nyvgdz/aIyNi6Z9MzO5dv1H8n58/GELp3+w==}
    dependencies:
      wrappy: 1.0.2
    dev: false

  /path-is-absolute@1.0.1:
    resolution: {integrity: sha512-AVbw3UJ2e9bq64vSaS9Am0fje1Pa8pbGqTTsmXfaIiMpnr5DlDhfJOuLj9Sf95ZPVDAUerDfEk88MPmPe7UCQg==}
    engines: {node: '>=0.10.0'}
    dev: false

  /path-parse@1.0.7:
    resolution: {integrity: sha512-LDJzPVEEEPR+y48z93A0Ed0yXb8pAByGWo/k5YYdYgpY2/2EsOsksJrq7lOHxryrVOn1ejG6oAp8ahvOIQD8sw==}
    dev: false

  /phin@3.7.0:
    resolution: {integrity: sha512-DqnVNrpYhKGBZppNKprD+UJylMeEKOZxHgPB+ZP6mGzf3uA2uox4Ep9tUm+rUc8WLIdHT3HcAE4X8fhwQA9JKg==}
    engines: {node: '>= 8'}
    dependencies:
      centra: 2.6.0
    dev: false

  /picomatch@2.3.1:
    resolution: {integrity: sha512-JU3teHTNjmE2VCGFzuY8EXzCDVwEqB2a8fsIvwaStHhAWJEeVd1o1QD80CU6+ZdEXXSLbSsuLwJjkCBWqRQUVA==}
    engines: {node: '>=8.6'}
    dev: false

  /polka@0.5.2:
    resolution: {integrity: sha512-FVg3vDmCqP80tOrs+OeNlgXYmFppTXdjD5E7I4ET1NjvtNmQrb1/mJibybKkb/d4NA7YWAr1ojxuhpL3FHqdlw==}
    dependencies:
      '@polka/url': 0.5.0
      trouter: 2.0.1
    dev: false

  /readdirp@3.6.0:
    resolution: {integrity: sha512-hOS089on8RduqdbhvQ5Z37A0ESjsqz6qnRcffsMU3495FuTdqSm+7bhJ29JvIOsBDEEnan5DPu9t3To9VRlMzA==}
    engines: {node: '>=8.10.0'}
    dependencies:
      picomatch: 2.3.1
    dev: false

  /rechoir@0.6.2:
    resolution: {integrity: sha512-HFM8rkZ+i3zrV+4LQjwQ0W+ez98pApMGM3HUrN04j3CqzPOzl9nmP15Y8YXNm8QHGv/eacOVEjqhmWpkRV0NAw==}
    engines: {node: '>= 0.10'}
    dependencies:
      resolve: 1.22.8
    dev: false

  /remark-gfm@3.0.1:
    resolution: {integrity: sha512-lEFDoi2PICJyNrACFOfDD3JlLkuSbOa5Wd8EPt06HUdptv8Gn0bxYTdbU/XXQ3swAPkEaGxxPN9cbnMHvVu1Ig==}
    dependencies:
      '@types/mdast': 3.0.14
      mdast-util-gfm: 2.0.2
      micromark-extension-gfm: 2.0.3
      unified: 10.1.2
    transitivePeerDependencies:
      - supports-color
    dev: false

  /remark-parse@10.0.1:
    resolution: {integrity: sha512-1fUyHr2jLsVOkhbvPRBJ5zTKZZyD6yZzYaWCS6BPBdQ8vEMBCH+9zNCDA6tET/zHCi/jLqjCWtlJZUPk+DbnFw==}
    dependencies:
      '@types/mdast': 3.0.14
      mdast-util-from-markdown: 1.3.1
      unified: 10.1.2
    transitivePeerDependencies:
      - supports-color
    dev: false

  /remark-stringify@10.0.2:
    resolution: {integrity: sha512-6wV3pvbPvHkbNnWB0wdDvVFHOe1hBRAx1Q/5g/EpH4RppAII6J8Gnwe7VbHuXaoKIF6LAg6ExTel/+kNqSQ7lw==}
    dependencies:
      '@types/mdast': 3.0.14
      mdast-util-to-markdown: 1.5.0
      unified: 10.1.2
    dev: false

  /require-directory@2.1.1:
    resolution: {integrity: sha512-fGxEI7+wsG9xrvdjsrlmL22OMTTiHRwAMroiEeMgq8gzoLC/PQr7RsRDSTLUg/bZAZtF+TVIkHc6/4RIKrui+Q==}
    engines: {node: '>=0.10.0'}
    dev: false

  /resolve@1.22.8:
    resolution: {integrity: sha512-oKWePCxqpd6FlLvGV1VU0x7bkPmmCNolxzjMf4NczoDnQcIWrAF+cPtZn5i6n+RfD2d9i0tzpKnG6Yk168yIyw==}
    hasBin: true
    dependencies:
      is-core-module: 2.13.1
      path-parse: 1.0.7
      supports-preserve-symlinks-flag: 1.0.0
    dev: false

  /sade@1.8.1:
    resolution: {integrity: sha512-xal3CZX1Xlo/k4ApwCFrHVACi9fBqJ7V+mwhBsuf/1IOKbBy098Fex+Wa/5QMubw09pSZ/u8EY8PWgevJsXp1A==}
    engines: {node: '>=6'}
    dependencies:
      mri: 1.2.0
    dev: false

  /shelljs@0.8.5:
    resolution: {integrity: sha512-TiwcRcrkhHvbrZbnRcFYMLl30Dfov3HKqzp5tO5b4pt6G/SezKcYhmDg15zXVBswHmctSAQKznqNW2LO5tTDow==}
    engines: {node: '>=4'}
    hasBin: true
    dependencies:
      glob: 7.2.3
      interpret: 1.4.0
      rechoir: 0.6.2
    dev: false

  /sprintf-js@1.0.3:
    resolution: {integrity: sha512-D9cPgkvLlV3t3IzL0D0YLvGA9Ahk4PcvVwUbN0dSGr1aP0Nrt4AEnTUbuGvquEC0mA64Gqt1fzirlRs5ibXx8g==}
    dev: false

  /string-width@4.2.3:
    resolution: {integrity: sha512-wKyQRQpjJ0sIp62ErSZdGsjMJWsap5oRNihHhu6G7JVO/9jIB6UyevL+tXuOqrng8j/cxKTWyWUwvSTriiZz/g==}
    engines: {node: '>=8'}
    dependencies:
      emoji-regex: 8.0.0
      is-fullwidth-code-point: 3.0.0
      strip-ansi: 6.0.1
    dev: false

  /strip-ansi@6.0.1:
    resolution: {integrity: sha512-Y38VPSHcqkFrCpFnQ9vuSXmquuv5oXOKpGeT6aGrr3o3Gc9AlVa6JBfUSOCnbxGGZF+/0ooI7KrPuUSztUdU5A==}
    engines: {node: '>=8'}
    dependencies:
      ansi-regex: 5.0.1
    dev: false

  /supports-preserve-symlinks-flag@1.0.0:
    resolution: {integrity: sha512-ot0WnXS9fgdkgIcePe6RHNk1WA8+muPa6cSjeR3V8K27q9BB1rTE3R1p7Hv0z1ZyAc8s6Vvv8DIyWf681MAt0w==}
    engines: {node: '>= 0.4'}
    dev: false

  /trough@2.1.0:
    resolution: {integrity: sha512-AqTiAOLcj85xS7vQ8QkAV41hPDIJ71XJB4RCUrzo/1GM2CQwhkJGaf9Hgr7BOugMRpgGUrqRg/DrBDl4H40+8g==}
    dev: false

  /trouter@2.0.1:
    resolution: {integrity: sha512-kr8SKKw94OI+xTGOkfsvwZQ8mWoikZDd2n8XZHjJVZUARZT+4/VV6cacRS6CLsH9bNm+HFIPU1Zx4CnNnb4qlQ==}
    engines: {node: '>=6'}
    dependencies:
      matchit: 1.1.0
    dev: false

  /uc.micro@1.0.6:
    resolution: {integrity: sha512-8Y75pvTYkLJW2hWQHXxoqRgV7qb9B+9vFEtidML+7koHUFapnVJAZ6cKs+Qjz5Aw3aZWHMC6u0wJE3At+nSGwA==}
    dev: false

  /unified@10.1.2:
    resolution: {integrity: sha512-pUSWAi/RAnVy1Pif2kAoeWNBa3JVrx0MId2LASj8G+7AiHWoKZNTomq6LG326T68U7/e263X6fTdcXIy7XnF7Q==}
    dependencies:
      '@types/unist': 2.0.9
      bail: 2.0.2
      extend: 3.0.2
      is-buffer: 2.0.5
      is-plain-obj: 4.1.0
      trough: 2.1.0
      vfile: 5.3.7
    dev: false

  /unist-util-inspect@7.0.1:
    resolution: {integrity: sha512-gEPeSrsYXus8012VJ00p9uZC8D0iogtLLiHlBgvS61hU22KNKduQhMKezJm83viHlLf3TYS2y9SDEFglWPDMKw==}
    dependencies:
      '@types/unist': 2.0.9
    dev: false

  /unist-util-is@5.2.1:
    resolution: {integrity: sha512-u9njyyfEh43npf1M+yGKDGVPbY/JWEemg5nH05ncKPfi+kBbKBJoTdsogMu33uhytuLlv9y0O7GH7fEdwLdLQw==}
    dependencies:
      '@types/unist': 2.0.9
    dev: false

  /unist-util-stringify-position@3.0.3:
    resolution: {integrity: sha512-k5GzIBZ/QatR8N5X2y+drfpWG8IDBzdnVj6OInRNWm1oXrzydiaAT2OQiA8DPRRZyAKb9b6I2a6PxYklZD0gKg==}
    dependencies:
      '@types/unist': 2.0.9
    dev: false

  /unist-util-visit-parents@5.1.3:
    resolution: {integrity: sha512-x6+y8g7wWMyQhL1iZfhIPhDAs7Xwbn9nRosDXl7qoPTSCy0yNxnKc+hWokFifWQIDGi154rdUqKvbCa4+1kLhg==}
    dependencies:
      '@types/unist': 2.0.9
      unist-util-is: 5.2.1
    dev: false

  /unist-util-visit@4.1.2:
    resolution: {integrity: sha512-MSd8OUGISqHdVvfY9TPhyK2VdUrPgxkUtWSuMHF6XAAFuL4LokseigBnZtPnJMu+FbynTkFNnFlyjxpVKujMRg==}
    dependencies:
      '@types/unist': 2.0.9
      unist-util-is: 5.2.1
      unist-util-visit-parents: 5.1.3
    dev: false

  /universalify@2.0.1:
    resolution: {integrity: sha512-gptHNQghINnc/vTGIk0SOFGFNXw7JVrlRUtConJRlvaw6DuX0wO5Jeko9sWrMBhh+PsYAZ7oXAiOnf/UKogyiw==}
    engines: {node: '>= 10.0.0'}
    dev: false

  /uvu@0.5.6:
    resolution: {integrity: sha512-+g8ENReyr8YsOc6fv/NVJs2vFdHBnBNdfE49rshrTzDWOlUx4Gq7KOS2GD8eqhy2j+Ejq29+SbKH8yjkAqXqoA==}
    engines: {node: '>=8'}
    hasBin: true
    dependencies:
      dequal: 2.0.3
      diff: 5.1.0
      kleur: 4.1.5
      sade: 1.8.1
    dev: false

  /vfile-message@3.1.4:
    resolution: {integrity: sha512-fa0Z6P8HUrQN4BZaX05SIVXic+7kE3b05PWAtPuYP9QLHsLKYR7/AlLW3NtOrpXRLeawpDLMsVkmk5DG0NXgWw==}
    dependencies:
      '@types/unist': 2.0.9
      unist-util-stringify-position: 3.0.3
    dev: false

  /vfile@5.3.7:
    resolution: {integrity: sha512-r7qlzkgErKjobAmyNIkkSpizsFPYiUPuJb5pNW1RB4JcYVZhs4lIbVqk8XPk033CV/1z8ss5pkax8SuhGpcG8g==}
    dependencies:
      '@types/unist': 2.0.9
      is-buffer: 2.0.5
      unist-util-stringify-position: 3.0.3
      vfile-message: 3.1.4
    dev: false

  /wrap-ansi@7.0.0:
    resolution: {integrity: sha512-YVGIj2kamLSTxw6NsZjoBxfSwsn0ycdesmc4p+Q21c5zPuZ1pl+NfxVdxPtdHvmNVOQ6XSYG4AUtyt/Fi7D16Q==}
    engines: {node: '>=10'}
    dependencies:
      ansi-styles: 4.3.0
      string-width: 4.2.3
      strip-ansi: 6.0.1
    dev: false

  /wrappy@1.0.2:
    resolution: {integrity: sha512-l4Sp/DRseor9wL6EvV2+TuQn63dMkPjZ/sp9XkghTEbV9KlPS1xUsZ3u7/IQO4wxtcFB4bgpQPRcR3QCvezPcQ==}
    dev: false

  /xxhashjs@0.2.2:
    resolution: {integrity: sha512-AkTuIuVTET12tpsVIQo+ZU6f/qDmKuRUcjaqR+OIvm+aCBsZ95i7UVY5WJ9TMsSaZ0DA2WxoZ4acu0sPH+OKAw==}
    dependencies:
      cuint: 0.2.2
    dev: false

  /y18n@5.0.8:
    resolution: {integrity: sha512-0pfFzegeDWJHJIAmTLRP2DwHjdF5s7jo9tuztdQxAhINCdvS+3nGINqPd00AphqJR/0LhANUS6/+7SCb98YOfA==}
    engines: {node: '>=10'}
    dev: false

  /yargs-parser@21.1.1:
    resolution: {integrity: sha512-tVpsJW7DdjecAiFpbIB1e3qxIQsE6NoPc5/eTdrbbIC4h0LVsWhnoa3g+m2HclBIujHzsxZ4VJVA+GUuc2/LBw==}
    engines: {node: '>=12'}
    dev: false

  /yargs@17.6.2:
    resolution: {integrity: sha512-1/9UrdHjDZc0eOU0HxOHoS78C69UD3JRMvzlJ7S79S2nTaWRA/whGCTV8o9e/N/1Va9YIV7Q4sOxD8VV4pCWOw==}
    engines: {node: '>=12'}
    dependencies:
      cliui: 8.0.1
      escalade: 3.1.1
      get-caller-file: 2.0.5
      require-directory: 2.1.1
      string-width: 4.2.3
      y18n: 5.0.8
      yargs-parser: 21.1.1
    dev: false

  /zwitch@2.0.4:
    resolution: {integrity: sha512-bXE4cR/kVZhKZX/RjPEflHaKVhUVl85noU3v6b8apfQEc1x4A+zBxjZ4lN8LqGd6WZ3dl98pY4o717VFmoPp+A==}
    dev: false
